# THIS IS AN AUTOGENERATED FILE. DO NOT EDIT THIS FILE DIRECTLY.
# yarn lockfile v1


angular-route@^1.6.8:
  version "1.6.8"
  resolved "https://registry.yarnpkg.com/angular-route/-/angular-route-1.6.8.tgz#82ace773e7b232bf77768370760244a8caab5d36"

angular@^1.6.8:
  version "1.6.8"
  resolved "https://registry.yarnpkg.com/angular/-/angular-1.6.8.tgz#5be378a58be91a5489e78b59c4518cd9fd273ffb"

bootstrap@^3.0.0:
  version "3.3.7"
  resolved "https://registry.yarnpkg.com/bootstrap/-/bootstrap-3.3.7.tgz#5a389394549f23330875a3b150656574f8a9eb71"

font-awesome@^4.7.0:
  version "4.7.0"
  resolved "https://registry.yarnpkg.com/font-awesome/-/font-awesome-4.7.0.tgz#8fa8cf0411a1a31afd07b06d2902bb9fc815a133"

moment@^2.20.1:
  version "2.20.1"
  resolved "https://registry.yarnpkg.com/moment/-/moment-2.20.1.tgz#d6eb1a46cbcc14a2b2f9434112c1ff8907f313fd"

moment@~2.0.0:
  version "2.0.0"
  resolved "https://registry.yarnpkg.com/moment/-/moment-2.0.0.tgz#2bbc5b44c321837693ab6efcadbd46ed946211fe"

ng-time-relative@^0.7.0:
  version "0.7.0"
  resolved "https://registry.yarnpkg.com/ng-time-relative/-/ng-time-relative-0.7.0.tgz#bef460f77bed0a0530e4a31428bef521fa072380"
  dependencies:
    moment "~2.0.0"

pagination@^0.4.4:
  version "0.4.4"
  resolved "https://registry.yarnpkg.com/pagination/-/pagination-0.4.4.tgz#f83ee2b51a5723c390bc78f44d8a20fe27557a9c"
